
Microsoft Visual Studio Solution File, Format Version 12.00
# Visual Studio Version 17
VisualStudioVersion = 17.10.35122.118
MinimumVisualStudioVersion = 10.0.40219.1
Project("{FAE04EC0-301F-11D3-BF4B-00C04F79EFBC}") = "DDDStudy.API", "DDDStudy\DDDStudy.API.csproj", "{AC05FD79-CAF6-43EA-87B8-3BC2E81B024E}"
EndProject
Project("{2150E333-8FDC-42A3-9474-1A3956D46DE8}") = "1 - Services", "1 - Services", "{341DBD79-C99A-4A7D-ADF6-B9431E023BF5}"
EndProject
Project("{2150E333-8FDC-42A3-9474-1A3956D46DE8}") = "2 - Application", "2 - Application", "{48336BE8-B842-4A9F-9DB6-83A422AA2CA8}"
EndProject
Project("{2150E333-8FDC-42A3-9474-1A3956D46DE8}") = "3 - Domain", "3 - Domain", "{B9353A1A-A076-4ECE-A166-7622F2318480}"
EndProject
Project("{2150E333-8FDC-42A3-9474-1A3956D46DE8}") = "4 - Infra", "4 - Infra", "{DFE5B87D-211B-4F71-9E67-E0AC3FDFF764}"
EndProject
Project("{FAE04EC0-301F-11D3-BF4B-00C04F79EFBC}") = "DDStudy.Application", "DDStudy.Application\DDStudy.Application.csproj", "{015D1E46-2E3F-493D-A10A-0F98A9B013F4}"
EndProject
Project("{FAE04EC0-301F-11D3-BF4B-00C04F79EFBC}") = "DDDStudy.Domain", "DDDStudy.Domain\DDDStudy.Domain.csproj", "{236C4D0D-FE47-467D-9720-D605CC5CA8E2}"
EndProject
Project("{FAE04EC0-301F-11D3-BF4B-00C04F79EFBC}") = "DDDStudy.Domain.Core", "DDDStudy.Domain.Core\DDDStudy.Domain.Core.csproj", "{8DECE741-7677-440A-B9CC-46DB87330F50}"
EndProject
Project("{FAE04EC0-301F-11D3-BF4B-00C04F79EFBC}") = "DDDStudy.Domain.Services", "DDDStudy.Domain.Services\DDDStudy.Domain.Services.csproj", "{66BC8226-6F2F-4D28-8D4F-ADC6A7A01EE9}"
EndProject
Project("{2150E333-8FDC-42A3-9474-1A3956D46DE8}") = "CrossCutting", "CrossCutting", "{5779C36F-CF60-4EFD-A9D1-A561B9AC141C}"
EndProject
Project("{2150E333-8FDC-42A3-9474-1A3956D46DE8}") = "Data", "Data", "{7F1FF64E-1D60-4E1D-8DB0-563E4F2DC69C}"
EndProject
Project("{FAE04EC0-301F-11D3-BF4B-00C04F79EFBC}") = "DDDStudy.Infra.CrossCutting", "DDDStudy.Infra.CrossCutting\DDDStudy.Infra.CrossCutting.csproj", "{AF3B51C9-D130-43FC-A425-557083A4EDFF}"
EndProject
Project("{FAE04EC0-301F-11D3-BF4B-00C04F79EFBC}") = "DDDStudy.Infra.CrossCutting.IOC", "DDDStudy.Infra.CrossCutting.IOC\DDDStudy.Infra.CrossCutting.IOC.csproj", "{12A039D9-DC58-438B-BC96-B47C38E5A83F}"
EndProject
Project("{FAE04EC0-301F-11D3-BF4B-00C04F79EFBC}") = "DDDStudy.Infra.Data", "DDDStudy.Infra.Data\DDDStudy.Infra.Data.csproj", "{8E83315C-61B5-420F-BC01-DBC16A50B10A}"
EndProject
Global
	GlobalSection(SolutionConfigurationPlatforms) = preSolution
		Debug|Any CPU = Debug|Any CPU
		Release|Any CPU = Release|Any CPU
	EndGlobalSection
	GlobalSection(ProjectConfigurationPlatforms) = postSolution
		{AC05FD79-CAF6-43EA-87B8-3BC2E81B024E}.Debug|Any CPU.ActiveCfg = Debug|Any CPU
		{AC05FD79-CAF6-43EA-87B8-3BC2E81B024E}.Debug|Any CPU.Build.0 = Debug|Any CPU
		{AC05FD79-CAF6-43EA-87B8-3BC2E81B024E}.Release|Any CPU.ActiveCfg = Release|Any CPU
		{AC05FD79-CAF6-43EA-87B8-3BC2E81B024E}.Release|Any CPU.Build.0 = Release|Any CPU
		{015D1E46-2E3F-493D-A10A-0F98A9B013F4}.Debug|Any CPU.ActiveCfg = Debug|Any CPU
		{015D1E46-2E3F-493D-A10A-0F98A9B013F4}.Debug|Any CPU.Build.0 = Debug|Any CPU
		{015D1E46-2E3F-493D-A10A-0F98A9B013F4}.Release|Any CPU.ActiveCfg = Release|Any CPU
		{015D1E46-2E3F-493D-A10A-0F98A9B013F4}.Release|Any CPU.Build.0 = Release|Any CPU
		{236C4D0D-FE47-467D-9720-D605CC5CA8E2}.Debug|Any CPU.ActiveCfg = Debug|Any CPU
		{236C4D0D-FE47-467D-9720-D605CC5CA8E2}.Debug|Any CPU.Build.0 = Debug|Any CPU
		{236C4D0D-FE47-467D-9720-D605CC5CA8E2}.Release|Any CPU.ActiveCfg = Release|Any CPU
		{236C4D0D-FE47-467D-9720-D605CC5CA8E2}.Release|Any CPU.Build.0 = Release|Any CPU
		{8DECE741-7677-440A-B9CC-46DB87330F50}.Debug|Any CPU.ActiveCfg = Debug|Any CPU
		{8DECE741-7677-440A-B9CC-46DB87330F50}.Debug|Any CPU.Build.0 = Debug|Any CPU
		{8DECE741-7677-440A-B9CC-46DB87330F50}.Release|Any CPU.ActiveCfg = Release|Any CPU
		{8DECE741-7677-440A-B9CC-46DB87330F50}.Release|Any CPU.Build.0 = Release|Any CPU
		{66BC8226-6F2F-4D28-8D4F-ADC6A7A01EE9}.Debug|Any CPU.ActiveCfg = Debug|Any CPU
		{66BC8226-6F2F-4D28-8D4F-ADC6A7A01EE9}.Debug|Any CPU.Build.0 = Debug|Any CPU
		{66BC8226-6F2F-4D28-8D4F-ADC6A7A01EE9}.Release|Any CPU.ActiveCfg = Release|Any CPU
		{66BC8226-6F2F-4D28-8D4F-ADC6A7A01EE9}.Release|Any CPU.Build.0 = Release|Any CPU
		{AF3B51C9-D130-43FC-A425-557083A4EDFF}.Debug|Any CPU.ActiveCfg = Debug|Any CPU
		{AF3B51C9-D130-43FC-A425-557083A4EDFF}.Debug|Any CPU.Build.0 = Debug|Any CPU
		{AF3B51C9-D130-43FC-A425-557083A4EDFF}.Release|Any CPU.ActiveCfg = Release|Any CPU
		{AF3B51C9-D130-43FC-A425-557083A4EDFF}.Release|Any CPU.Build.0 = Release|Any CPU
		{12A039D9-DC58-438B-BC96-B47C38E5A83F}.Debug|Any CPU.ActiveCfg = Debug|Any CPU
		{12A039D9-DC58-438B-BC96-B47C38E5A83F}.Debug|Any CPU.Build.0 = Debug|Any CPU
		{12A039D9-DC58-438B-BC96-B47C38E5A83F}.Release|Any CPU.ActiveCfg = Release|Any CPU
		{12A039D9-DC58-438B-BC96-B47C38E5A83F}.Release|Any CPU.Build.0 = Release|Any CPU
		{8E83315C-61B5-420F-BC01-DBC16A50B10A}.Debug|Any CPU.ActiveCfg = Debug|Any CPU
		{8E83315C-61B5-420F-BC01-DBC16A50B10A}.Debug|Any CPU.Build.0 = Debug|Any CPU
		{8E83315C-61B5-420F-BC01-DBC16A50B10A}.Release|Any CPU.ActiveCfg = Release|Any CPU
		{8E83315C-61B5-420F-BC01-DBC16A50B10A}.Release|Any CPU.Build.0 = Release|Any CPU
	EndGlobalSection
	GlobalSection(SolutionProperties) = preSolution
		HideSolutionNode = FALSE
	EndGlobalSection
	GlobalSection(NestedProjects) = preSolution
		{AC05FD79-CAF6-43EA-87B8-3BC2E81B024E} = {341DBD79-C99A-4A7D-ADF6-B9431E023BF5}
		{015D1E46-2E3F-493D-A10A-0F98A9B013F4} = {48336BE8-B842-4A9F-9DB6-83A422AA2CA8}
		{236C4D0D-FE47-467D-9720-D605CC5CA8E2} = {B9353A1A-A076-4ECE-A166-7622F2318480}
		{8DECE741-7677-440A-B9CC-46DB87330F50} = {B9353A1A-A076-4ECE-A166-7622F2318480}
		{66BC8226-6F2F-4D28-8D4F-ADC6A7A01EE9} = {B9353A1A-A076-4ECE-A166-7622F2318480}
		{5779C36F-CF60-4EFD-A9D1-A561B9AC141C} = {DFE5B87D-211B-4F71-9E67-E0AC3FDFF764}
		{7F1FF64E-1D60-4E1D-8DB0-563E4F2DC69C} = {DFE5B87D-211B-4F71-9E67-E0AC3FDFF764}
		{AF3B51C9-D130-43FC-A425-557083A4EDFF} = {5779C36F-CF60-4EFD-A9D1-A561B9AC141C}
		{12A039D9-DC58-438B-BC96-B47C38E5A83F} = {5779C36F-CF60-4EFD-A9D1-A561B9AC141C}
		{8E83315C-61B5-420F-BC01-DBC16A50B10A} = {7F1FF64E-1D60-4E1D-8DB0-563E4F2DC69C}
	EndGlobalSection
	GlobalSection(ExtensibilityGlobals) = postSolution
		SolutionGuid = {D939E5DC-61AD-4111-A4BA-8E82D74EC685}
	EndGlobalSection
EndGlobal
